// !$*UTF8*$!
{
	archiveVersion = 1;
	classes = {
	};
	objectVersion = 56;
	objects = {

/* Begin PBXBuildFile section */
		2D50CBED2C8BB5E20020F93F /* TV_Splitscreen_iOSApp.swift in Sources */ = {isa = PBXBuildFile; fileRef = 2D50CBEC2C8BB5E20020F93F /* TV_Splitscreen_iOSApp.swift */; };
		2D50CBEF2C8BB5E20020F93F /* ContentView.swift in Sources */ = {isa = PBXBuildFile; fileRef = 2D50CBEE2C8BB5E20020F93F /* ContentView.swift */; };
		2D50CBF12C8BB5E30020F93F /* Assets.xcassets in Resources */ = {isa = PBXBuildFile; fileRef = 2D50CBF02C8BB5E30020F93F /* Assets.xcassets */; };
		2D50CBF42C8BB5E30020F93F /* Preview Assets.xcassets in Resources */ = {isa = PBXBuildFile; fileRef = 2D50CBF32C8BB5E30020F93F /* Preview Assets.xcassets */; };
		2D50CBFE2C8BB5E30020F93F /* TV_Splitscreen_iOSTests.swift in Sources */ = {isa = PBXBuildFile; fileRef = 2D50CBFD2C8BB5E30020F93F /* TV_Splitscreen_iOSTests.swift */; };
		2D50CC082C8BB5E30020F93F /* TV_Splitscreen_iOSUITests.swift in Sources */ = {isa = PBXBuildFile; fileRef = 2D50CC072C8BB5E30020F93F /* TV_Splitscreen_iOSUITests.swift */; };
		2D50CC0A2C8BB5E30020F93F /* TV_Splitscreen_iOSUITestsLaunchTests.swift in Sources */ = {isa = PBXBuildFile; fileRef = 2D50CC092C8BB5E30020F93F /* TV_Splitscreen_iOSUITestsLaunchTests.swift */; };
/* End PBXBuildFile section */

/* Begin PBXContainerItemProxy section */
		2D50CBFA2C8BB5E30020F93F /* PBXContainerItemProxy */ = {
			isa = PBXContainerItemProxy;
			containerPortal = 2D50CBE12C8BB5E20020F93F /* Project object */;
			proxyType = 1;
			remoteGlobalIDString = 2D50CBE82C8BB5E20020F93F;
			remoteInfo = "TV Splitscreen iOS";
		};
		2D50CC042C8BB5E30020F93F /* PBXContainerItemProxy */ = {
			isa = PBXContainerItemProxy;
			containerPortal = 2D50CBE12C8BB5E20020F93F /* Project object */;
			proxyType = 1;
			remoteGlobalIDString = 2D50CBE82C8BB5E20020F93F;
			remoteInfo = "TV Splitscreen iOS";
		};
/* End PBXContainerItemProxy section */

/* Begin PBXFileReference section */
		2D50CBE92C8BB5E20020F93F /* TV Splitscreen iOS.app */ = {isa = PBXFileReference; explicitFileType = wrapper.application; includeInIndex = 0; path = "TV Splitscreen iOS.app"; sourceTree = BUILT_PRODUCTS_DIR; };
		2D50CBEC2C8BB5E20020F93F /* TV_Splitscreen_iOSApp.swift */ = {isa = PBXFileReference; lastKnownFileType = sourcecode.swift; path = TV_Splitscreen_iOSApp.swift; sourceTree = "<group>"; };
		2D50CBEE2C8BB5E20020F93F /* ContentView.swift */ = {isa = PBXFileReference; lastKnownFileType = sourcecode.swift; path = ContentView.swift; sourceTree = "<group>"; };
		2D50CBF02C8BB5E30020F93F /* Assets.xcassets */ = {isa = PBXFileReference; lastKnownFileType = folder.assetcatalog; path = Assets.xcassets; sourceTree = "<group>"; };
		2D50CBF32C8BB5E30020F93F /* Preview Assets.xcassets */ = {isa = PBXFileReference; lastKnownFileType = folder.assetcatalog; path = "Preview Assets.xcassets"; sourceTree = "<group>"; };
		2D50CBF92C8BB5E30020F93F /* TV Splitscreen iOSTests.xctest */ = {isa = PBXFileReference; explicitFileType = wrapper.cfbundle; includeInIndex = 0; path = "TV Splitscreen iOSTests.xctest"; sourceTree = BUILT_PRODUCTS_DIR; };
		2D50CBFD2C8BB5E30020F93F /* TV_Splitscreen_iOSTests.swift */ = {isa = PBXFileReference; lastKnownFileType = sourcecode.swift; path = TV_Splitscreen_iOSTests.swift; sourceTree = "<group>"; };
		2D50CC032C8BB5E30020F93F /* TV Splitscreen iOSUITests.xctest */ = {isa = PBXFileReference; explicitFileType = wrapper.cfbundle; includeInIndex = 0; path = "TV Splitscreen iOSUITests.xctest"; sourceTree = BUILT_PRODUCTS_DIR; };
		2D50CC072C8BB5E30020F93F /* TV_Splitscreen_iOSUITests.swift */ = {isa = PBXFileReference; lastKnownFileType = sourcecode.swift; path = TV_Splitscreen_iOSUITests.swift; sourceTree = "<group>"; };
		2D50CC092C8BB5E30020F93F /* TV_Splitscreen_iOSUITestsLaunchTests.swift */ = {isa = PBXFileReference; lastKnownFileType = sourcecode.swift; path = TV_Splitscreen_iOSUITestsLaunchTests.swift; sourceTree = "<group>"; };
/* End PBXFileReference section */

/* Begin PBXFrameworksBuildPhase section */
		2D50CBE62C8BB5E20020F93F /* Frameworks */ = {
			isa = PBXFrameworksBuildPhase;
			buildActionMask = 2147483647;
			files = (
			);
			runOnlyForDeploymentPostprocessing = 0;
		};
		2D50CBF62C8BB5E30020F93F /* Frameworks */ = {
			isa = PBXFrameworksBuildPhase;
			buildActionMask = 2147483647;
			files = (
			);
			runOnlyForDeploymentPostprocessing = 0;
		};
		2D50CC002C8BB5E30020F93F /* Frameworks */ = {
			isa = PBXFrameworksBuildPhase;
			buildActionMask = 2147483647;
			files = (
			);
			runOnlyForDeploymentPostprocessing = 0;
		};
/* End PBXFrameworksBuildPhase section */

/* Begin PBXGroup section */
		2D50CBE02C8BB5E20020F93F = {
			isa = PBXGroup;
			children = (
				2D50CBEB2C8BB5E20020F93F /* TV Splitscreen iOS */,
				2D50CBFC2C8BB5E30020F93F /* TV Splitscreen iOSTests */,
				2D50CC062C8BB5E30020F93F /* TV Splitscreen iOSUITests */,
				2D50CBEA2C8BB5E20020F93F /* Products */,
			);
			sourceTree = "<group>";
		};
		2D50CBEA2C8BB5E20020F93F /* Products */ = {
			isa = PBXGroup;
			children = (
				2D50CBE92C8BB5E20020F93F /* TV Splitscreen iOS.app */,
				2D50CBF92C8BB5E30020F93F /* TV Splitscreen iOSTests.xctest */,
				2D50CC032C8BB5E30020F93F /* TV Splitscreen iOSUITests.xctest */,
			);
			name = Products;
			sourceTree = "<group>";
		};
		2D50CBEB2C8BB5E20020F93F /* TV Splitscreen iOS */ = {
			isa = PBXGroup;
			children = (
				2D50CBEC2C8BB5E20020F93F /* TV_Splitscreen_iOSApp.swift */,
				2D50CBEE2C8BB5E20020F93F /* ContentView.swift */,
				2D50CBF02C8BB5E30020F93F /* Assets.xcassets */,
				2D50CBF22C8BB5E30020F93F /* Preview Content */,
			);
			path = "TV Splitscreen iOS";
			sourceTree = "<group>";
		};
		2D50CBF22C8BB5E30020F93F /* Preview Content */ = {
			isa = PBXGroup;
			children = (
				2D50CBF32C8BB5E30020F93F /* Preview Assets.xcassets */,
			);
			path = "Preview Content";
			sourceTree = "<group>";
		};
		2D50CBFC2C8BB5E30020F93F /* TV Splitscreen iOSTests */ = {
			isa = PBXGroup;
			children = (
				2D50CBFD2C8BB5E30020F93F /* TV_Splitscreen_iOSTests.swift */,
			);
			path = "TV Splitscreen iOSTests";
			sourceTree = "<group>";
		};
		2D50CC062C8BB5E30020F93F /* TV Splitscreen iOSUITests */ = {
			isa = PBXGroup;
			children = (
				2D50CC072C8BB5E30020F93F /* TV_Splitscreen_iOSUITests.swift */,
				2D50CC092C8BB5E30020F93F /* TV_Splitscreen_iOSUITestsLaunchTests.swift */,
			);
			path = "TV Splitscreen iOSUITests";
			sourceTree = "<group>";
		};
/* End PBXGroup section */

/* Begin PBXNativeTarget section */
		2D50CBE82C8BB5E20020F93F /* TV Splitscreen iOS */ = {
			isa = PBXNativeTarget;
			buildConfigurationList = 2D50CC0D2C8BB5E30020F93F /* Build configuration list for PBXNativeTarget "TV Splitscreen iOS" */;
			buildPhases = (
				2D50CBE52C8BB5E20020F93F /* Sources */,
				2D50CBE62C8BB5E20020F93F /* Frameworks */,
				2D50CBE72C8BB5E20020F93F /* Resources */,
			);
			buildRules = (
			);
			dependencies = (
			);
			name = "TV Splitscreen iOS";
			productName = "TV Splitscreen iOS";
			productReference = 2D50CBE92C8BB5E20020F93F /* TV Splitscreen iOS.app */;
			productType = "com.apple.product-type.application";
		};
		2D50CBF82C8BB5E30020F93F /* TV Splitscreen iOSTests */ = {
			isa = PBXNativeTarget;
			buildConfigurationList = 2D50CC102C8BB5E30020F93F /* Build configuration list for PBXNativeTarget "TV Splitscreen iOSTests" */;
			buildPhases = (
				2D50CBF52C8BB5E30020F93F /* Sources */,
				2D50CBF62C8BB5E30020F93F /* Frameworks */,
				2D50CBF72C8BB5E30020F93F /* Resources */,
			);
			buildRules = (
			);
			dependencies = (
				2D50CBFB2C8BB5E30020F93F /* PBXTargetDependency */,
			);
			name = "TV Splitscreen iOSTests";
			productName = "TV Splitscreen iOSTests";
			productReference = 2D50CBF92C8BB5E30020F93F /* TV Splitscreen iOSTests.xctest */;
			productType = "com.apple.product-type.bundle.unit-test";
		};
		2D50CC022C8BB5E30020F93F /* TV Splitscreen iOSUITests */ = {
			isa = PBXNativeTarget;
			buildConfigurationList = 2D50CC132C8BB5E30020F93F /* Build configuration list for PBXNativeTarget "TV Splitscreen iOSUITests" */;
			buildPhases = (
				2D50CBFF2C8BB5E30020F93F /* Sources */,
				2D50CC002C8BB5E30020F93F /* Frameworks */,
				2D50CC012C8BB5E30020F93F /* Resources */,
			);
			buildRules = (
			);
			dependencies = (
				2D50CC052C8BB5E30020F93F /* PBXTargetDependency */,
			);
			name = "TV Splitscreen iOSUITests";
			productName = "TV Splitscreen iOSUITests";
			productReference = 2D50CC032C8BB5E30020F93F /* TV Splitscreen iOSUITests.xctest */;
			productType = "com.apple.product-type.bundle.ui-testing";
		};
/* End PBXNativeTarget section */

/* Begin PBXProject section */
		2D50CBE12C8BB5E20020F93F /* Project object */ = {
			isa = PBXProject;
			attributes = {
				BuildIndependentTargetsInParallel = 1;
				LastSwiftUpdateCheck = 1540;
				LastUpgradeCheck = 1540;
				TargetAttributes = {
					2D50CBE82C8BB5E20020F93F = {
						CreatedOnToolsVersion = 15.4;
					};
					2D50CBF82C8BB5E30020F93F = {
						CreatedOnToolsVersion = 15.4;
						TestTargetID = 2D50CBE82C8BB5E20020F93F;
					};
					2D50CC022C8BB5E30020F93F = {
						CreatedOnToolsVersion = 15.4;
						TestTargetID = 2D50CBE82C8BB5E20020F93F;
					};
				};
			};
			buildConfigurationList = 2D50CBE42C8BB5E20020F93F /* Build configuration list for PBXProject "TV Splitscreen iOS" */;
			compatibilityVersion = "Xcode 14.0";
			developmentRegion = en;
			hasScannedForEncodings = 0;
			knownRegions = (
				en,
				Base,
			);
			mainGroup = 2D50CBE02C8BB5E20020F93F;
			productRefGroup = 2D50CBEA2C8BB5E20020F93F /* Products */;
			projectDirPath = "";
			projectRoot = "";
			targets = (
				2D50CBE82C8BB5E20020F93F /* TV Splitscreen iOS */,
				2D50CBF82C8BB5E30020F93F /* TV Splitscreen iOSTests */,
				2D50CC022C8BB5E30020F93F /* TV Splitscreen iOSUITests */,
			);
		};
/* End PBXProject section */

/* Begin PBXResourcesBuildPhase section */
		2D50CBE72C8BB5E20020F93F /* Resources */ = {
			isa = PBXResourcesBuildPhase;
			buildActionMask = 2147483647;
			files = (
				2D50CBF42C8BB5E30020F93F /* Preview Assets.xcassets in Resources */,
				2D50CBF12C8BB5E30020F93F /* Assets.xcassets in Resources */,
			);
			runOnlyForDeploymentPostprocessing = 0;
		};
		2D50CBF72C8BB5E30020F93F /* Resources */ = {
			isa = PBXResourcesBuildPhase;
			buildActionMask = 2147483647;
			files = (
			);
			runOnlyForDeploymentPostprocessing = 0;
		};
		2D50CC012C8BB5E30020F93F /* Resources */ = {
			isa = PBXResourcesBuildPhase;
			buildActionMask = 2147483647;
			files = (
			);
			runOnlyForDeploymentPostprocessing = 0;
		};
/* End PBXResourcesBuildPhase section */

/* Begin PBXSourcesBuildPhase section */
		2D50CBE52C8BB5E20020F93F /* Sources */ = {
			isa = PBXSourcesBuildPhase;
			buildActionMask = 2147483647;
			files = (
				2D50CBEF2C8BB5E20020F93F /* ContentView.swift in Sources */,
				2D50CBED2C8BB5E20020F93F /* TV_Splitscreen_iOSApp.swift in Sources */,
			);
			runOnlyForDeploymentPostprocessing = 0;
		};
		2D50CBF52C8BB5E30020F93F /* Sources */ = {
			isa = PBXSourcesBuildPhase;
			buildActionMask = 2147483647;
			files = (
				2D50CBFE2C8BB5E30020F93F /* TV_Splitscreen_iOSTests.swift in Sources */,
			);
			runOnlyForDeploymentPostprocessing = 0;
		};
		2D50CBFF2C8BB5E30020F93F /* Sources */ = {
			isa = PBXSourcesBuildPhase;
			buildActionMask = 2147483647;
			files = (
				2D50CC082C8BB5E30020F93F /* TV_Splitscreen_iOSUITests.swift in Sources */,
				2D50CC0A2C8BB5E30020F93F /* TV_Splitscreen_iOSUITestsLaunchTests.swift in Sources */,
			);
			runOnlyForDeploymentPostprocessing = 0;
		};
/* End PBXSourcesBuildPhase section */

/* Begin PBXTargetDependency section */
		2D50CBFB2C8BB5E30020F93F /* PBXTargetDependency */ = {
			isa = PBXTargetDependency;
			target = 2D50CBE82C8BB5E20020F93F /* TV Splitscreen iOS */;
			targetProxy = 2D50CBFA2C8BB5E30020F93F /* PBXContainerItemProxy */;
		};
		2D50CC052C8BB5E30020F93F /* PBXTargetDependency */ = {
			isa = PBXTargetDependency;
			target = 2D50CBE82C8BB5E20020F93F /* TV Splitscreen iOS */;
			targetProxy = 2D50CC042C8BB5E30020F93F /* PBXContainerItemProxy */;
		};
/* End PBXTargetDependency section */

/* Begin XCBuildConfiguration section */
		2D50CC0B2C8BB5E30020F93F /* Debug */ = {
			isa = XCBuildConfiguration;
			buildSettings = {
				ALWAYS_SEARCH_USER_PATHS = NO;
				ASSETCATALOG_COMPILER_GENERATE_SWIFT_ASSET_SYMBOL_EXTENSIONS = YES;
				CLANG_ANALYZER_NONNULL = YES;
				CLANG_ANALYZER_NUMBER_OBJECT_CONVERSION = YES_AGGRESSIVE;
				CLANG_CXX_LANGUAGE_STANDARD = "gnu++20";
				CLANG_ENABLE_MODULES = YES;
				CLANG_ENABLE_OBJC_ARC = YES;
				CLANG_ENABLE_OBJC_WEAK = YES;
				CLANG_WARN_BLOCK_CAPTURE_AUTORELEASING = YES;
				CLANG_WARN_BOOL_CONVERSION = YES;
				CLANG_WARN_COMMA = YES;
				CLANG_WARN_CONSTANT_CONVERSION = YES;
				CLANG_WARN_DEPRECATED_OBJC_IMPLEMENTATIONS = YES;
				CLANG_WARN_DIRECT_OBJC_ISA_USAGE = YES_ERROR;
				CLANG_WARN_DOCUMENTATION_COMMENTS = YES;
				CLANG_WARN_EMPTY_BODY = YES;
				CLANG_WARN_ENUM_CONVERSION = YES;
				CLANG_WARN_INFINITE_RECURSION = YES;
				CLANG_WARN_INT_CONVERSION = YES;
				CLANG_WARN_NON_LITERAL_NULL_CONVERSION = YES;
				CLANG_WARN_OBJC_IMPLICIT_RETAIN_SELF = YES;
				CLANG_WARN_OBJC_LITERAL_CONVERSION = YES;
				CLANG_WARN_OBJC_ROOT_CLASS = YES_ERROR;
				CLANG_WARN_QUOTED_INCLUDE_IN_FRAMEWORK_HEADER = YES;
				CLANG_WARN_RANGE_LOOP_ANALYSIS = YES;
				CLANG_WARN_STRICT_PROTOTYPES = YES;
				CLANG_WARN_SUSPICIOUS_MOVE = YES;
				CLANG_WARN_UNGUARDED_AVAILABILITY = YES_AGGRESSIVE;
				CLANG_WARN_UNREACHABLE_CODE = YES;
				CLANG_WARN__DUPLICATE_METHOD_MATCH = YES;
				COPY_PHASE_STRIP = NO;
				DEBUG_INFORMATION_FORMAT = dwarf;
				ENABLE_STRICT_OBJC_MSGSEND = YES;
				ENABLE_TESTABILITY = YES;
				ENABLE_USER_SCRIPT_SANDBOXING = YES;
				GCC_C_LANGUAGE_STANDARD = gnu17;
				GCC_DYNAMIC_NO_PIC = NO;
				GCC_NO_COMMON_BLOCKS = YES;
				GCC_OPTIMIZATION_LEVEL = 0;
				GCC_PREPROCESSOR_DEFINITIONS = (
					"DEBUG=1",
					"$(inherited)",
				);
				GCC_WARN_64_TO_32_BIT_CONVERSION = YES;
				GCC_WARN_ABOUT_RETURN_TYPE = YES_ERROR;
				GCC_WARN_UNDECLARED_SELECTOR = YES;
				GCC_WARN_UNINITIALIZED_AUTOS = YES_AGGRESSIVE;
				GCC_WARN_UNUSED_FUNCTION = YES;
				GCC_WARN_UNUSED_VARIABLE = YES;
				IPHONEOS_DEPLOYMENT_TARGET = 17.5;
				LOCALIZATION_PREFERS_STRING_CATALOGS = YES;
				MTL_ENABLE_DEBUG_INFO = INCLUDE_SOURCE;
				MTL_FAST_MATH = YES;
				ONLY_ACTIVE_ARCH = YES;
				SDKROOT = iphoneos;
				SWIFT_ACTIVE_COMPILATION_CONDITIONS = "DEBUG $(inherited)";
				SWIFT_OPTIMIZATION_LEVEL = "-Onone";
			};
			name = Debug;
		};
		2D50CC0C2C8BB5E30020F93F /* Release */ = {
			isa = XCBuildConfiguration;
			buildSettings = {
				ALWAYS_SEARCH_USER_PATHS = NO;
				ASSETCATALOG_COMPILER_GENERATE_SWIFT_ASSET_SYMBOL_EXTENSIONS = YES;
				CLANG_ANALYZER_NONNULL = YES;
				CLANG_ANALYZER_NUMBER_OBJECT_CONVERSION = YES_AGGRESSIVE;
				CLANG_CXX_LANGUAGE_STANDARD = "gnu++20";
				CLANG_ENABLE_MODULES = YES;
				CLANG_ENABLE_OBJC_ARC = YES;
				CLANG_ENABLE_OBJC_WEAK = YES;
				CLANG_WARN_BLOCK_CAPTURE_AUTORELEASING = YES;
				CLANG_WARN_BOOL_CONVERSION = YES;
				CLANG_WARN_COMMA = YES;
				CLANG_WARN_CONSTANT_CONVERSION = YES;
				CLANG_WARN_DEPRECATED_OBJC_IMPLEMENTATIONS = YES;
				CLANG_WARN_DIRECT_OBJC_ISA_USAGE = YES_ERROR;
				CLANG_WARN_DOCUMENTATION_COMMENTS = YES;
				CLANG_WARN_EMPTY_BODY = YES;
				CLANG_WARN_ENUM_CONVERSION = YES;
				CLANG_WARN_INFINITE_RECURSION = YES;
				CLANG_WARN_INT_CONVERSION = YES;
				CLANG_WARN_NON_LITERAL_NULL_CONVERSION = YES;
				CLANG_WARN_OBJC_IMPLICIT_RETAIN_SELF = YES;
				CLANG_WARN_OBJC_LITERAL_CONVERSION = YES;
				CLANG_WARN_OBJC_ROOT_CLASS = YES_ERROR;
				CLANG_WARN_QUOTED_INCLUDE_IN_FRAMEWORK_HEADER = YES;
				CLANG_WARN_RANGE_LOOP_ANALYSIS = YES;
				CLANG_WARN_STRICT_PROTOTYPES = YES;
				CLANG_WARN_SUSPICIOUS_MOVE = YES;
				CLANG_WARN_UNGUARDED_AVAILABILITY = YES_AGGRESSIVE;
				CLANG_WARN_UNREACHABLE_CODE = YES;
				CLANG_WARN__DUPLICATE_METHOD_MATCH = YES;
				COPY_PHASE_STRIP = NO;
				DEBUG_INFORMATION_FORMAT = "dwarf-with-dsym";
				ENABLE_NS_ASSERTIONS = NO;
				ENABLE_STRICT_OBJC_MSGSEND = YES;
				ENABLE_USER_SCRIPT_SANDBOXING = YES;
				GCC_C_LANGUAGE_STANDARD = gnu17;
				GCC_NO_COMMON_BLOCKS = YES;
				GCC_WARN_64_TO_32_BIT_CONVERSION = YES;
				GCC_WARN_ABOUT_RETURN_TYPE = YES_ERROR;
				GCC_WARN_UNDECLARED_SELECTOR = YES;
				GCC_WARN_UNINITIALIZED_AUTOS = YES_AGGRESSIVE;
				GCC_WARN_UNUSED_FUNCTION = YES;
				GCC_WARN_UNUSED_VARIABLE = YES;
				IPHONEOS_DEPLOYMENT_TARGET = 17.5;
				LOCALIZATION_PREFERS_STRING_CATALOGS = YES;
				MTL_ENABLE_DEBUG_INFO = NO;
				MTL_FAST_MATH = YES;
				SDKROOT = iphoneos;
				SWIFT_COMPILATION_MODE = wholemodule;
				VALIDATE_PRODUCT = YES;
			};
			name = Release;
		};
		2D50CC0E2C8BB5E30020F93F /* Debug */ = {
			isa = XCBuildConfiguration;
			buildSettings = {
				ASSETCATALOG_COMPILER_APPICON_NAME = AppIcon;
				ASSETCATALOG_COMPILER_GLOBAL_ACCENT_COLOR_NAME = AccentColor;
				CODE_SIGN_STYLE = Automatic;
				CURRENT_PROJECT_VERSION = 1;
				DEVELOPMENT_ASSET_PATHS = "\"TV Splitscreen iOS/Preview Content\"";
				DEVELOPMENT_TEAM = HGZ47EU989;
				ENABLE_PREVIEWS = YES;
				GENERATE_INFOPLIST_FILE = YES;
				INFOPLIST_KEY_UIApplicationSceneManifest_Generation = YES;
				INFOPLIST_KEY_UIApplicationSupportsIndirectInputEvents = YES;
				INFOPLIST_KEY_UILaunchScreen_Generation = YES;
				INFOPLIST_KEY_UISupportedInterfaceOrientations_iPad = "UIInterfaceOrientationPortrait UIInterfaceOrientationPortraitUpsideDown UIInterfaceOrientationLandscapeLeft UIInterfaceOrientationLandscapeRight";
				INFOPLIST_KEY_UISupportedInterfaceOrientations_iPhone = "UIInterfaceOrientationPortrait UIInterfaceOrientationLandscapeLeft UIInterfaceOrientationLandscapeRight";
				LD_RUNPATH_SEARCH_PATHS = (
					"$(inherited)",
					"@executable_path/Frameworks",
				);
				MARKETING_VERSION = 1.0;
				PRODUCT_BUNDLE_IDENTIFIER = "com.goldendogproductions.TV-Splitscreen-iOS";
				PRODUCT_NAME = "$(TARGET_NAME)";
				SWIFT_EMIT_LOC_STRINGS = YES;
				SWIFT_VERSION = 5.0;
				TARGETED_DEVICE_FAMILY = "1,2";
			};
			name = Debug;
		};
		2D50CC0F2C8BB5E30020F93F /* Release */ = {
			isa = XCBuildConfiguration;
			buildSettings = {
				ASSETCATALOG_COMPILER_APPICON_NAME = AppIcon;
				ASSETCATALOG_COMPILER_GLOBAL_ACCENT_COLOR_NAME = AccentColor;
				CODE_SIGN_STYLE = Automatic;
				CURRENT_PROJECT_VERSION = 1;
				DEVELOPMENT_ASSET_PATHS = "\"TV Splitscreen iOS/Preview Content\"";
				DEVELOPMENT_TEAM = HGZ47EU989;
				ENABLE_PREVIEWS = YES;
				GENERATE_INFOPLIST_FILE = YES;
				INFOPLIST_KEY_UIApplicationSceneManifest_Generation = YES;
				INFOPLIST_KEY_UIApplicationSupportsIndirectInputEvents = YES;
				INFOPLIST_KEY_UILaunchScreen_Generation = YES;
				INFOPLIST_KEY_UISupportedInterfaceOrientations_iPad = "UIInterfaceOrientationPortrait UIInterfaceOrientationPortraitUpsideDown UIInterfaceOrientationLandscapeLeft UIInterfaceOrientationLandscapeRight";
				INFOPLIST_KEY_UISupportedInterfaceOrientations_iPhone = "UIInterfaceOrientationPortrait UIInterfaceOrientationLandscapeLeft UIInterfaceOrientationLandscapeRight";
				LD_RUNPATH_SEARCH_PATHS = (
					"$(inherited)",
					"@executable_path/Frameworks",
				);
				MARKETING_VERSION = 1.0;
				PRODUCT_BUNDLE_IDENTIFIER = "com.goldendogproductions.TV-Splitscreen-iOS";
				PRODUCT_NAME = "$(TARGET_NAME)";
				SWIFT_EMIT_LOC_STRINGS = YES;
				SWIFT_VERSION = 5.0;
				TARGETED_DEVICE_FAMILY = "1,2";
			};
			name = Release;
		};
		2D50CC112C8BB5E30020F93F /* Debug */ = {
			isa = XCBuildConfiguration;
			buildSettings = {
				ALWAYS_EMBED_SWIFT_STANDARD_LIBRARIES = YES;
				BUNDLE_LOADER = "$(TEST_HOST)";
				CODE_SIGN_STYLE = Automatic;
				CURRENT_PROJECT_VERSION = 1;
				DEVELOPMENT_TEAM = HGZ47EU989;
				GENERATE_INFOPLIST_FILE = YES;
				IPHONEOS_DEPLOYMENT_TARGET = 17.5;
				MARKETING_VERSION = 1.0;
				PRODUCT_BUNDLE_IDENTIFIER = "com.goldendogproductions.TV-Splitscreen-iOSTests";
				PRODUCT_NAME = "$(TARGET_NAME)";
				SWIFT_EMIT_LOC_STRINGS = NO;
				SWIFT_VERSION = 5.0;
				TARGETED_DEVICE_FAMILY = "1,2";
				TEST_HOST = "$(BUILT_PRODUCTS_DIR)/TV Splitscreen iOS.app/$(BUNDLE_EXECUTABLE_FOLDER_PATH)/TV Splitscreen iOS";
			};
			name = Debug;
		};
		2D50CC122C8BB5E30020F93F /* Release */ = {
			isa = XCBuildConfiguration;
			buildSettings = {
				ALWAYS_EMBED_SWIFT_STANDARD_LIBRARIES = YES;
				BUNDLE_LOADER = "$(TEST_HOST)";
				CODE_SIGN_STYLE = Automatic;
				CURRENT_PROJECT_VERSION = 1;
				DEVELOPMENT_TEAM = HGZ47EU989;
				GENERATE_INFOPLIST_FILE = YES;
				IPHONEOS_DEPLOYMENT_TARGET = 17.5;
				MARKETING_VERSION = 1.0;
				PRODUCT_BUNDLE_IDENTIFIER = "com.goldendogproductions.TV-Splitscreen-iOSTests";
				PRODUCT_NAME = "$(TARGET_NAME)";
				SWIFT_EMIT_LOC_STRINGS = NO;
				SWIFT_VERSION = 5.0;
				TARGETED_DEVICE_FAMILY = "1,2";
				TEST_HOST = "$(BUILT_PRODUCTS_DIR)/TV Splitscreen iOS.app/$(BUNDLE_EXECUTABLE_FOLDER_PATH)/TV Splitscreen iOS";
			};
			name = Release;
		};
		2D50CC142C8BB5E30020F93F /* Debug */ = {
			isa = XCBuildConfiguration;
			buildSettings = {
				ALWAYS_EMBED_SWIFT_STANDARD_LIBRARIES = YES;
				CODE_SIGN_STYLE = Automatic;
				CURRENT_PROJECT_VERSION = 1;
				DEVELOPMENT_TEAM = HGZ47EU989;
				GENERATE_INFOPLIST_FILE = YES;
				MARKETING_VERSION = 1.0;
				PRODUCT_BUNDLE_IDENTIFIER = "com.goldendogproductions.TV-Splitscreen-iOSUITests";
				PRODUCT_NAME = "$(TARGET_NAME)";
				SWIFT_EMIT_LOC_STRINGS = NO;
				SWIFT_VERSION = 5.0;
				TARGETED_DEVICE_FAMILY = "1,2";
				TEST_TARGET_NAME = "TV Splitscreen iOS";
			};
			name = Debug;
		};
		2D50CC152C8BB5E30020F93F /* Release */ = {
			isa = XCBuildConfiguration;
			buildSettings = {
				ALWAYS_EMBED_SWIFT_STANDARD_LIBRARIES = YES;
				CODE_SIGN_STYLE = Automatic;
				CURRENT_PROJECT_VERSION = 1;
				DEVELOPMENT_TEAM = HGZ47EU989;
				GENERATE_INFOPLIST_FILE = YES;
				MARKETING_VERSION = 1.0;
				PRODUCT_BUNDLE_IDENTIFIER = "com.goldendogproductions.TV-Splitscreen-iOSUITests";
				PRODUCT_NAME = "$(TARGET_NAME)";
				SWIFT_EMIT_LOC_STRINGS = NO;
				SWIFT_VERSION = 5.0;
				TARGETED_DEVICE_FAMILY = "1,2";
				TEST_TARGET_NAME = "TV Splitscreen iOS";
			};
			name = Release;
		};
/* End XCBuildConfiguration section */

/* Begin XCConfigurationList section */
		2D50CBE42C8BB5E20020F93F /* Build configuration list for PBXProject "TV Splitscreen iOS" */ = {
			isa = XCConfigurationList;
			buildConfigurations = (
				2D50CC0B2C8BB5E30020F93F /* Debug */,
				2D50CC0C2C8BB5E30020F93F /* Release */,
			);
			defaultConfigurationIsVisible = 0;
			defaultConfigurationName = Release;
		};
		2D50CC0D2C8BB5E30020F93F /* Build configuration list for PBXNativeTarget "TV Splitscreen iOS" */ = {
			isa = XCConfigurationList;
			buildConfigurations = (
				2D50CC0E2C8BB5E30020F93F /* Debug */,
				2D50CC0F2C8BB5E30020F93F /* Release */,
			);
			defaultConfigurationIsVisible = 0;
			defaultConfigurationName = Release;
		};
		2D50CC102C8BB5E30020F93F /* Build configuration list for PBXNativeTarget "TV Splitscreen iOSTests" */ = {
			isa = XCConfigurationList;
			buildConfigurations = (
				2D50CC112C8BB5E30020F93F /* Debug */,
				2D50CC122C8BB5E30020F93F /* Release */,
			);
			defaultConfigurationIsVisible = 0;
			defaultConfigurationName = Release;
		};
		2D50CC132C8BB5E30020F93F /* Build configuration list for PBXNativeTarget "TV Splitscreen iOSUITests" */ = {
			isa = XCConfigurationList;
			buildConfigurations = (
				2D50CC142C8BB5E30020F93F /* Debug */,
				2D50CC152C8BB5E30020F93F /* Release */,
			);
			defaultConfigurationIsVisible = 0;
			defaultConfigurationName = Release;
		};
/* End XCConfigurationList section */
	};
	rootObject = 2D50CBE12C8BB5E20020F93F /* Project object */;
}
